
Microsoft Visual Studio Solution File, Format Version 12.00
# Visual Studio Version 17
VisualStudioVersion = 17.7.34024.191
MinimumVisualStudioVersion = 10.0.40219.1
Project("{FAE04EC0-301F-11D3-BF4B-00C04F79EFBC}") = "ListNama", "ListNama.csproj", "{80C6AF9D-EE3E-45E9-9055-1B8D6BAD68F5}"
EndProject
Global
	GlobalSection(SolutionConfigurationPlatforms) = preSolution
		Debug|Any CPU = Debug|Any CPU
		Release|Any CPU = Release|Any CPU
	EndGlobalSection
	GlobalSection(ProjectConfigurationPlatforms) = postSolution
		{80C6AF9D-EE3E-45E9-9055-1B8D6BAD68F5}.Debug|Any CPU.ActiveCfg = Debug|Any CPU
		{80C6AF9D-EE3E-45E9-9055-1B8D6BAD68F5}.Debug|Any CPU.Build.0 = Debug|Any CPU
		{80C6AF9D-EE3E-45E9-9055-1B8D6BAD68F5}.Release|Any CPU.ActiveCfg = Release|Any CPU
		{80C6AF9D-EE3E-45E9-9055-1B8D6BAD68F5}.Release|Any CPU.Build.0 = Release|Any CPU
	EndGlobalSection
	GlobalSection(SolutionProperties) = preSolution
		HideSolutionNode = FALSE
	EndGlobalSection
	GlobalSection(ExtensibilityGlobals) = postSolution
		SolutionGuid = {B0B14F1E-2539-4CE2-9E3A-ED0680D11D07}
	EndGlobalSection
EndGlobal
